
Microsoft Visual Studio Solution File, Format Version 12.00
# Visual Studio Version 16
VisualStudioVersion = 16.0.31515.178
MinimumVisualStudioVersion = 10.0.40219.1
Project("{FAE04EC0-301F-11D3-BF4B-00C04F79EFBC}") = "Ambulance Service System", "Ambulance Service System.csproj", "{CE74D0A6-8C52-4F3F-B9DD-6DBE60FE12F2}"
EndProject
Global
	GlobalSection(SolutionConfigurationPlatforms) = preSolution
		Debug|Any CPU = Debug|Any CPU
		Release|Any CPU = Release|Any CPU
	EndGlobalSection
	GlobalSection(ProjectConfigurationPlatforms) = postSolution
		{CE74D0A6-8C52-4F3F-B9DD-6DBE60FE12F2}.Debug|Any CPU.ActiveCfg = Debug|Any CPU
		{CE74D0A6-8C52-4F3F-B9DD-6DBE60FE12F2}.Debug|Any CPU.Build.0 = Debug|Any CPU
		{CE74D0A6-8C52-4F3F-B9DD-6DBE60FE12F2}.Release|Any CPU.ActiveCfg = Release|Any CPU
		{CE74D0A6-8C52-4F3F-B9DD-6DBE60FE12F2}.Release|Any CPU.Build.0 = Release|Any CPU
	EndGlobalSection
	GlobalSection(SolutionProperties) = preSolution
		HideSolutionNode = FALSE
	EndGlobalSection
	GlobalSection(ExtensibilityGlobals) = postSolution
		SolutionGuid = {7A7179CD-E2CF-4075-9B3E-2662E7E8A4C5}
	EndGlobalSection
EndGlobal
